
Microsoft Visual Studio Solution File, Format Version 12.00
# Visual Studio Version 17
VisualStudioVersion = 17.8.34525.116
MinimumVisualStudioVersion = 10.0.40219.1
Project("{FAE04EC0-301F-11D3-BF4B-00C04F79EFBC}") = "PipelineProj", "PipelineProj.csproj", "{ED7428D2-98F6-4F65-9D86-8AE99F6C7BE3}"
EndProject
Global
	GlobalSection(SolutionConfigurationPlatforms) = preSolution
		Debug|Any CPU = Debug|Any CPU
		Release|Any CPU = Release|Any CPU
	EndGlobalSection
	GlobalSection(ProjectConfigurationPlatforms) = postSolution
		{ED7428D2-98F6-4F65-9D86-8AE99F6C7BE3}.Debug|Any CPU.ActiveCfg = Debug|Any CPU
		{ED7428D2-98F6-4F65-9D86-8AE99F6C7BE3}.Debug|Any CPU.Build.0 = Debug|Any CPU
		{ED7428D2-98F6-4F65-9D86-8AE99F6C7BE3}.Release|Any CPU.ActiveCfg = Release|Any CPU
		{ED7428D2-98F6-4F65-9D86-8AE99F6C7BE3}.Release|Any CPU.Build.0 = Release|Any CPU
	EndGlobalSection
	GlobalSection(SolutionProperties) = preSolution
		HideSolutionNode = FALSE
	EndGlobalSection
	GlobalSection(ExtensibilityGlobals) = postSolution
		SolutionGuid = {CBA552E6-E263-4BD6-A375-2D746617C299}
	EndGlobalSection
EndGlobal
